
Microsoft Visual Studio Solution File, Format Version 12.00
# Visual Studio Version 17
VisualStudioVersion = 17.5.002.0
MinimumVisualStudioVersion = 10.0.40219.1
Project("{9A19103F-16F7-4668-BE54-9A1E7A4F7556}") = "PCInsight", "PCInsight.csproj", "{E47A3BC8-C323-45F9-8732-562C4839B298}"
EndProject
Global
	GlobalSection(SolutionConfigurationPlatforms) = preSolution
		Debug|Any CPU = Debug|Any CPU
		Release|Any CPU = Release|Any CPU
	EndGlobalSection
	GlobalSection(ProjectConfigurationPlatforms) = postSolution
		{E47A3BC8-C323-45F9-8732-562C4839B298}.Debug|Any CPU.ActiveCfg = Debug|Any CPU
		{E47A3BC8-C323-45F9-8732-562C4839B298}.Debug|Any CPU.Build.0 = Debug|Any CPU
		{E47A3BC8-C323-45F9-8732-562C4839B298}.Release|Any CPU.ActiveCfg = Release|Any CPU
		{E47A3BC8-C323-45F9-8732-562C4839B298}.Release|Any CPU.Build.0 = Release|Any CPU
	EndGlobalSection
	GlobalSection(SolutionProperties) = preSolution
		HideSolutionNode = FALSE
	EndGlobalSection
	GlobalSection(ExtensibilityGlobals) = postSolution
		SolutionGuid = {C46D461F-8DBB-4C92-A2A7-E0F08F664F24}
	EndGlobalSection
EndGlobal
